// !$*UTF8*$!
{
	archiveVersion = 1;
	classes = {
	};
	objectVersion = 56;
	objects = {

/* Begin PBXBuildFile section */
		84238E6E2DC9440E00CFAA03 /* VerseOfTheDayView.swift in Sources */ = {isa = PBXBuildFile; fileRef = 84238E6D2DC9440E00CFAA03 /* VerseOfTheDayView.swift */; };
		846028382DA0F0BE00C2B586 /* ShortcutsHabitEntity.swift in Sources */ = {isa = PBXBuildFile; fileRef = 846028202DA0F0BE00C2B586 /* ShortcutsHabitEntity.swift */; };
		846028392DA0F0BE00C2B586 /* ColorsPickerView.swift in Sources */ = {isa = PBXBuildFile; fileRef = 846028282DA0F0BE00C2B586 /* ColorsPickerView.swift */; };
		8460283A2DA0F0BE00C2B586 /* HomePageView.swift in Sources */ = {isa = PBXBuildFile; fileRef = 846027F32DA0F0BE00C2B586 /* HomePageView.swift */; };
		8460283B2DA0F0BE00C2B586 /* CustomErrors.swift in Sources */ = {isa = PBXBuildFile; fileRef = 8460281F2DA0F0BE00C2B586 /* CustomErrors.swift */; };
		8460283C2DA0F0BE00C2B586 /* LoadingView.swift in Sources */ = {isa = PBXBuildFile; fileRef = 846028102DA0F0BE00C2B586 /* LoadingView.swift */; };
		8460283D2DA0F0BE00C2B586 /* JournalEntryManager.swift in Sources */ = {isa = PBXBuildFile; fileRef = 846027FE2DA0F0BE00C2B586 /* JournalEntryManager.swift */; };
		8460283E2DA0F0BE00C2B586 /* GuidedJournalingView.swift in Sources */ = {isa = PBXBuildFile; fileRef = 846027F92DA0F0BE00C2B586 /* GuidedJournalingView.swift */; };
		8460283F2DA0F0BE00C2B586 /* Date+Ext.swift in Sources */ = {isa = PBXBuildFile; fileRef = 846027E82DA0F0BE00C2B586 /* Date+Ext.swift */; };
		846028402DA0F0BE00C2B586 /* Habit+Utils.swift in Sources */ = {isa = PBXBuildFile; fileRef = 846028152DA0F0BE00C2B586 /* Habit+Utils.swift */; };
		846028412DA0F0BE00C2B586 /* CalendarViewTwo.swift in Sources */ = {isa = PBXBuildFile; fileRef = 846027F52DA0F0BE00C2B586 /* CalendarViewTwo.swift */; };
		846028422DA0F0BE00C2B586 /* HabitColor.swift in Sources */ = {isa = PBXBuildFile; fileRef = 846028162DA0F0BE00C2B586 /* HabitColor.swift */; };
		846028432DA0F0BE00C2B586 /* JournalHomeView.swift in Sources */ = {isa = PBXBuildFile; fileRef = 846027FF2DA0F0BE00C2B586 /* JournalHomeView.swift */; };
		846028442DA0F0BE00C2B586 /* FreewriteView.swift in Sources */ = {isa = PBXBuildFile; fileRef = 846027F82DA0F0BE00C2B586 /* FreewriteView.swift */; };
		846028452DA0F0BE00C2B586 /* OnboardingView.swift in Sources */ = {isa = PBXBuildFile; fileRef = 846028112DA0F0BE00C2B586 /* OnboardingView.swift */; };
		846028462DA0F0BE00C2B586 /* JournalEditView.swift in Sources */ = {isa = PBXBuildFile; fileRef = 846027FB2DA0F0BE00C2B586 /* JournalEditView.swift */; };
		846028472DA0F0BE00C2B586 /* HapticController.swift in Sources */ = {isa = PBXBuildFile; fileRef = 846027E52DA0F0BE00C2B586 /* HapticController.swift */; };
		846028482DA0F0BE00C2B586 /* ComingSoonView.swift in Sources */ = {isa = PBXBuildFile; fileRef = 846027E12DA0F0BE00C2B586 /* ComingSoonView.swift */; };
		846028492DA0F0BE00C2B586 /* HabitListView.swift in Sources */ = {isa = PBXBuildFile; fileRef = 8460282D2DA0F0BE00C2B586 /* HabitListView.swift */; };
		8460284A2DA0F0BE00C2B586 /* FreewriteHistoryView.swift in Sources */ = {isa = PBXBuildFile; fileRef = 846027F72DA0F0BE00C2B586 /* FreewriteHistoryView.swift */; };
		8460284B2DA0F0BE00C2B586 /* playground.swift in Sources */ = {isa = PBXBuildFile; fileRef = 8460281A2DA0F0BE00C2B586 /* playground.swift */; };
		8460284C2DA0F0BE00C2B586 /* ChatView.swift in Sources */ = {isa = PBXBuildFile; fileRef = 8460280A2DA0F0BE00C2B586 /* ChatView.swift */; };
		8460284E2DA0F0BE00C2B586 /* ClaudeAPI.swift in Sources */ = {isa = PBXBuildFile; fileRef = 846027E02DA0F0BE00C2B586 /* ClaudeAPI.swift */; };
		8460284F2DA0F0BE00C2B586 /* View+Ext.swift in Sources */ = {isa = PBXBuildFile; fileRef = 846027E92DA0F0BE00C2B586 /* View+Ext.swift */; };
		846028502DA0F0BE00C2B586 /* Color+Ext.swift in Sources */ = {isa = PBXBuildFile; fileRef = 846027E72DA0F0BE00C2B586 /* Color+Ext.swift */; };
		846028512DA0F0BE00C2B586 /* HabitApp.swift in Sources */ = {isa = PBXBuildFile; fileRef = 846027F02DA0F0BE00C2B586 /* HabitApp.swift */; };
		846028522DA0F0BE00C2B586 /* CompleteHabitIntent.swift in Sources */ = {isa = PBXBuildFile; fileRef = 8460281E2DA0F0BE00C2B586 /* CompleteHabitIntent.swift */; };
		846028542DA0F0BE00C2B586 /* CalendarView.swift in Sources */ = {isa = PBXBuildFile; fileRef = 846028262DA0F0BE00C2B586 /* CalendarView.swift */; };
		846028552DA0F0BE00C2B586 /* JournalingHistoryView.swift in Sources */ = {isa = PBXBuildFile; fileRef = 846028002DA0F0BE00C2B586 /* JournalingHistoryView.swift */; };
		846028562DA0F0BE00C2B586 /* ContentView.swift in Sources */ = {isa = PBXBuildFile; fileRef = 8460282A2DA0F0BE00C2B586 /* ContentView.swift */; };
		846028572DA0F0BE00C2B586 /* MainAppView.swift in Sources */ = {isa = PBXBuildFile; fileRef = 8460280C2DA0F0BE00C2B586 /* MainAppView.swift */; };
		846028582DA0F0BE00C2B586 /* AppDelegate.swift in Sources */ = {isa = PBXBuildFile; fileRef = 846027D82DA0F0BE00C2B586 /* AppDelegate.swift */; };
		846028592DA0F0BE00C2B586 /* ApologistApp.xcdatamodeld in Sources */ = {isa = PBXBuildFile; fileRef = 846027D72DA0F0BE00C2B586 /* ApologistApp.xcdatamodeld */; };
		8460285A2DA0F0BE00C2B586 /* JournalDetailView.swift in Sources */ = {isa = PBXBuildFile; fileRef = 846027FA2DA0F0BE00C2B586 /* JournalDetailView.swift */; };
		8460285B2DA0F0BE00C2B586 /* ChartView.swift in Sources */ = {isa = PBXBuildFile; fileRef = 846028272DA0F0BE00C2B586 /* ChartView.swift */; };
		8460285C2DA0F0BE00C2B586 /* StatusBarStyleWrapper.swift in Sources */ = {isa = PBXBuildFile; fileRef = 846028252DA0F0BE00C2B586 /* StatusBarStyleWrapper.swift */; };
		8460285D2DA0F0BE00C2B586 /* Habit.xcdatamodeld in Sources */ = {isa = PBXBuildFile; fileRef = 846027E22DA0F0BE00C2B586 /* Habit.xcdatamodeld */; };
		8460285E2DA0F0BE00C2B586 /* BibleView.swift in Sources */ = {isa = PBXBuildFile; fileRef = 846027DD2DA0F0BE00C2B586 /* BibleView.swift */; };
		8460285F2DA0F0BE00C2B586 /* QuestionView.swift in Sources */ = {isa = PBXBuildFile; fileRef = 8460281D2DA0F0BE00C2B586 /* QuestionView.swift */; };
		846028602DA0F0BE00C2B586 /* FirebaseManager.swift in Sources */ = {isa = PBXBuildFile; fileRef = 8460280E2DA0F0BE00C2B586 /* FirebaseManager.swift */; };
		846028612DA0F0BE00C2B586 /* HabitRowView.swift in Sources */ = {isa = PBXBuildFile; fileRef = 8460282E2DA0F0BE00C2B586 /* HabitRowView.swift */; };
		846028622DA0F0BE00C2B586 /* EditHabitView.swift in Sources */ = {isa = PBXBuildFile; fileRef = 8460282C2DA0F0BE00C2B586 /* EditHabitView.swift */; };
		846028632DA0F0BE00C2B586 /* Constants.swift in Sources */ = {isa = PBXBuildFile; fileRef = 846028132DA0F0BE00C2B586 /* Constants.swift */; };
		846028642DA0F0BE00C2B586 /* HomeFile.swift in Sources */ = {isa = PBXBuildFile; fileRef = 8460280F2DA0F0BE00C2B586 /* HomeFile.swift */; };
		846028652DA0F0BE00C2B586 /* StatusBarStyleModifier.swift in Sources */ = {isa = PBXBuildFile; fileRef = 846028312DA0F0BE00C2B586 /* StatusBarStyleModifier.swift */; };
		846028662DA0F0BE00C2B586 /* SortMenuView.swift in Sources */ = {isa = PBXBuildFile; fileRef = 846028302DA0F0BE00C2B586 /* SortMenuView.swift */; };
		846028672DA0F0BE00C2B586 /* TipView.swift in Sources */ = {isa = PBXBuildFile; fileRef = 846028322DA0F0BE00C2B586 /* TipView.swift */; };
		846028682DA0F0BE00C2B586 /* HomeScreenView.swift in Sources */ = {isa = PBXBuildFile; fileRef = 846027F42DA0F0BE00C2B586 /* HomeScreenView.swift */; };
		846028692DA0F0BE00C2B586 /* BibleModels.swift in Sources */ = {isa = PBXBuildFile; fileRef = 846027DC2DA0F0BE00C2B586 /* BibleModels.swift */; };
		8460286A2DA0F0BE00C2B586 /* DateComp.swift in Sources */ = {isa = PBXBuildFile; fileRef = 846027F62DA0F0BE00C2B586 /* DateComp.swift */; };
		8460286B2DA0F0BE00C2B586 /* ReadingView.swift in Sources */ = {isa = PBXBuildFile; fileRef = 846027DE2DA0F0BE00C2B586 /* ReadingView.swift */; };
		8460286C2DA0F0BE00C2B586 /* ApologistApp.swift in Sources */ = {isa = PBXBuildFile; fileRef = 846027D62DA0F0BE00C2B586 /* ApologistApp.swift */; };
		8460286D2DA0F0BE00C2B586 /* Habit+CoreDataHelpers.swift in Sources */ = {isa = PBXBuildFile; fileRef = 846028142DA0F0BE00C2B586 /* Habit+CoreDataHelpers.swift */; };
		8460286E2DA0F0BE00C2B586 /* Helpers.swift in Sources */ = {isa = PBXBuildFile; fileRef = 8460280B2DA0F0BE00C2B586 /* Helpers.swift */; };
		8460286F2DA0F0BE00C2B586 /* SidebarMenu.swift in Sources */ = {isa = PBXBuildFile; fileRef = 846028232DA0F0BE00C2B586 /* SidebarMenu.swift */; };
		846028702DA0F0BE00C2B586 /* AppVersionManager.swift in Sources */ = {isa = PBXBuildFile; fileRef = 846027D92DA0F0BE00C2B586 /* AppVersionManager.swift */; };
		846028712DA0F0BE00C2B586 /* BottomNavigationBar.swift in Sources */ = {isa = PBXBuildFile; fileRef = 846028222DA0F0BE00C2B586 /* BottomNavigationBar.swift */; };
		846028722DA0F0BE00C2B586 /* DataController.swift in Sources */ = {isa = PBXBuildFile; fileRef = 846027E42DA0F0BE00C2B586 /* DataController.swift */; };
		846028732DA0F0BE00C2B586 /* BibleListViews.swift in Sources */ = {isa = PBXBuildFile; fileRef = 846027DB2DA0F0BE00C2B586 /* BibleListViews.swift */; };
		846028742DA0F0BE00C2B586 /* NotificationManager.swift in Sources */ = {isa = PBXBuildFile; fileRef = 846028182DA0F0BE00C2B586 /* NotificationManager.swift */; };
		846028752DA0F0BE00C2B586 /* ConfettiView.swift in Sources */ = {isa = PBXBuildFile; fileRef = 846028292DA0F0BE00C2B586 /* ConfettiView.swift */; };
		846028762DA0F0BE00C2B586 /* APContentView.swift in Sources */ = {isa = PBXBuildFile; fileRef = 846027D12DA0F0BE00C2B586 /* APContentView.swift */; };
		846028772DA0F0BE00C2B586 /* DetailView.swift in Sources */ = {isa = PBXBuildFile; fileRef = 8460282B2DA0F0BE00C2B586 /* DetailView.swift */; };
		846028782DA0F0BE00C2B586 /* HeaderView.swift in Sources */ = {isa = PBXBuildFile; fileRef = 8460282F2DA0F0BE00C2B586 /* HeaderView.swift */; };
		846028792DA0F0BE00C2B586 /* SecureDictionaryTransformer.swift in Sources */ = {isa = PBXBuildFile; fileRef = 846028012DA0F0BE00C2B586 /* SecureDictionaryTransformer.swift */; };
		8460287A2DA0F0BE00C2B586 /* Localizable.stringsdict in Resources */ = {isa = PBXBuildFile; fileRef = 846028082DA0F0BE00C2B586 /* Localizable.stringsdict */; };
		8460287B2DA0F0BE00C2B586 /* Preview Assets.xcassets in Resources */ = {isa = PBXBuildFile; fileRef = 8460281B2DA0F0BE00C2B586 /* Preview Assets.xcassets */; };
		8460287C2DA0F0BE00C2B586 /* HabitColors.xcassets in Resources */ = {isa = PBXBuildFile; fileRef = 846027F12DA0F0BE00C2B586 /* HabitColors.xcassets */; };
		8460287D2DA0F0BE00C2B586 /* GoogleService-Info.plist in Resources */ = {isa = PBXBuildFile; fileRef = 846027EB2DA0F0BE00C2B586 /* GoogleService-Info.plist */; };
		8460287E2DA0F0BE00C2B586 /* Assets.xcassets in Resources */ = {isa = PBXBuildFile; fileRef = 846027EE2DA0F0BE00C2B586 /* Assets.xcassets */; };
		8460287F2DA0F0BE00C2B586 /* Localizable.strings in Resources */ = {isa = PBXBuildFile; fileRef = 846028052DA0F0BE00C2B586 /* Localizable.strings */; };
		846028802DA0F0BE00C2B586 /* Preview Assets.xcassets in Resources */ = {isa = PBXBuildFile; fileRef = 846027EC2DA0F0BE00C2B586 /* Preview Assets.xcassets */; };
		846028812DA0F0BE00C2B586 /* Assets.xcassets in Resources */ = {isa = PBXBuildFile; fileRef = 846027DA2DA0F0BE00C2B586 /* Assets.xcassets */; };
		8493C2682DA18B5000EEADDD /* Lottie in Frameworks */ = {isa = PBXBuildFile; productRef = 8493C2672DA18B5000EEADDD /* Lottie */; };
		8493C26B2DA18B6B00EEADDD /* DotLottie in Frameworks */ = {isa = PBXBuildFile; productRef = 8493C26A2DA18B6B00EEADDD /* DotLottie */; };
		84BA18912DA0EB4D00B0B99D /* SuperwallKit in Frameworks */ = {isa = PBXBuildFile; productRef = 84BA18902DA0EB4D00B0B99D /* SuperwallKit */; };
		84BA18942DA0EC7B00B0B99D /* FirebaseAnalytics in Frameworks */ = {isa = PBXBuildFile; productRef = 84BA18932DA0EC7B00B0B99D /* FirebaseAnalytics */; };
		84BA18962DA0EC7B00B0B99D /* FirebaseAnalyticsOnDeviceConversion in Frameworks */ = {isa = PBXBuildFile; productRef = 84BA18952DA0EC7B00B0B99D /* FirebaseAnalyticsOnDeviceConversion */; };
		84BA18982DA0EC7B00B0B99D /* FirebaseAnalyticsWithoutAdIdSupport in Frameworks */ = {isa = PBXBuildFile; productRef = 84BA18972DA0EC7B00B0B99D /* FirebaseAnalyticsWithoutAdIdSupport */; };
		84BA189A2DA0EC7B00B0B99D /* FirebaseAppCheck in Frameworks */ = {isa = PBXBuildFile; productRef = 84BA18992DA0EC7B00B0B99D /* FirebaseAppCheck */; };
		84BA189C2DA0EC7B00B0B99D /* FirebaseAppDistribution-Beta in Frameworks */ = {isa = PBXBuildFile; productRef = 84BA189B2DA0EC7B00B0B99D /* FirebaseAppDistribution-Beta */; };
		84BA189E2DA0EC7B00B0B99D /* FirebaseAuth in Frameworks */ = {isa = PBXBuildFile; productRef = 84BA189D2DA0EC7B00B0B99D /* FirebaseAuth */; };
		84BA18A02DA0EC7B00B0B99D /* FirebaseAuthCombine-Community in Frameworks */ = {isa = PBXBuildFile; productRef = 84BA189F2DA0EC7B00B0B99D /* FirebaseAuthCombine-Community */; };
		84BA18A22DA0EC7B00B0B99D /* FirebaseCore in Frameworks */ = {isa = PBXBuildFile; productRef = 84BA18A12DA0EC7B00B0B99D /* FirebaseCore */; };
		84BA18A42DA0EC7B00B0B99D /* FirebaseCrashlytics in Frameworks */ = {isa = PBXBuildFile; productRef = 84BA18A32DA0EC7B00B0B99D /* FirebaseCrashlytics */; };
		84BA18A62DA0EC7B00B0B99D /* FirebaseDatabase in Frameworks */ = {isa = PBXBuildFile; productRef = 84BA18A52DA0EC7B00B0B99D /* FirebaseDatabase */; };
		84BA18A82DA0EC7B00B0B99D /* FirebaseDynamicLinks in Frameworks */ = {isa = PBXBuildFile; productRef = 84BA18A72DA0EC7B00B0B99D /* FirebaseDynamicLinks */; };
		84BA18AA2DA0EC7B00B0B99D /* FirebaseFirestore in Frameworks */ = {isa = PBXBuildFile; productRef = 84BA18A92DA0EC7B00B0B99D /* FirebaseFirestore */; };
		84BA18AC2DA0EC7B00B0B99D /* FirebaseFirestoreCombine-Community in Frameworks */ = {isa = PBXBuildFile; productRef = 84BA18AB2DA0EC7B00B0B99D /* FirebaseFirestoreCombine-Community */; };
		84BA18AE2DA0EC7B00B0B99D /* FirebaseFunctions in Frameworks */ = {isa = PBXBuildFile; productRef = 84BA18AD2DA0EC7B00B0B99D /* FirebaseFunctions */; };
		84BA18B02DA0EC7B00B0B99D /* FirebaseFunctionsCombine-Community in Frameworks */ = {isa = PBXBuildFile; productRef = 84BA18AF2DA0EC7B00B0B99D /* FirebaseFunctionsCombine-Community */; };
		84BA18B22DA0EC7B00B0B99D /* FirebaseInAppMessaging-Beta in Frameworks */ = {isa = PBXBuildFile; productRef = 84BA18B12DA0EC7B00B0B99D /* FirebaseInAppMessaging-Beta */; };
		84BA18B42DA0EC7B00B0B99D /* FirebaseInstallations in Frameworks */ = {isa = PBXBuildFile; productRef = 84BA18B32DA0EC7B00B0B99D /* FirebaseInstallations */; };
		84BA18B62DA0EC7B00B0B99D /* FirebaseMLModelDownloader in Frameworks */ = {isa = PBXBuildFile; productRef = 84BA18B52DA0EC7B00B0B99D /* FirebaseMLModelDownloader */; };
		84BA18B82DA0EC7B00B0B99D /* FirebaseMessaging in Frameworks */ = {isa = PBXBuildFile; productRef = 84BA18B72DA0EC7B00B0B99D /* FirebaseMessaging */; };
		84BA18BA2DA0EC7B00B0B99D /* FirebasePerformance in Frameworks */ = {isa = PBXBuildFile; productRef = 84BA18B92DA0EC7B00B0B99D /* FirebasePerformance */; };
		84BA18BC2DA0EC7B00B0B99D /* FirebaseRemoteConfig in Frameworks */ = {isa = PBXBuildFile; productRef = 84BA18BB2DA0EC7B00B0B99D /* FirebaseRemoteConfig */; };
		84BA18BE2DA0EC7B00B0B99D /* FirebaseStorage in Frameworks */ = {isa = PBXBuildFile; productRef = 84BA18BD2DA0EC7B00B0B99D /* FirebaseStorage */; };
		84BA18C02DA0EC7B00B0B99D /* FirebaseStorageCombine-Community in Frameworks */ = {isa = PBXBuildFile; productRef = 84BA18BF2DA0EC7B00B0B99D /* FirebaseStorageCombine-Community */; };
		84BA18C22DA0EC7B00B0B99D /* FirebaseVertexAI in Frameworks */ = {isa = PBXBuildFile; productRef = 84BA18C12DA0EC7B00B0B99D /* FirebaseVertexAI */; };
/* End PBXBuildFile section */

/* Begin PBXContainerItemProxy section */
		2404F9E32D040EE30020CC4C /* PBXContainerItemProxy */ = {
			isa = PBXContainerItemProxy;
			containerPortal = 2404F9CA2D040EE00020CC4C /* Project object */;
			proxyType = 1;
			remoteGlobalIDString = 2404F9D12D040EE00020CC4C;
			remoteInfo = Apologist;
		};
		2404F9ED2D040EE30020CC4C /* PBXContainerItemProxy */ = {
			isa = PBXContainerItemProxy;
			containerPortal = 2404F9CA2D040EE00020CC4C /* Project object */;
			proxyType = 1;
			remoteGlobalIDString = 2404F9D12D040EE00020CC4C;
			remoteInfo = Apologist;
		};
/* End PBXContainerItemProxy section */

/* Begin PBXFileReference section */
		2404F9D22D040EE00020CC4C /* Apologist.app */ = {isa = PBXFileReference; explicitFileType = wrapper.application; includeInIndex = 0; path = Apologist.app; sourceTree = BUILT_PRODUCTS_DIR; };
		2404F9E22D040EE30020CC4C /* ApologistTests.xctest */ = {isa = PBXFileReference; explicitFileType = wrapper.cfbundle; includeInIndex = 0; path = ApologistTests.xctest; sourceTree = BUILT_PRODUCTS_DIR; };
		2404F9EC2D040EE30020CC4C /* ApologistUITests.xctest */ = {isa = PBXFileReference; explicitFileType = wrapper.cfbundle; includeInIndex = 0; path = ApologistUITests.xctest; sourceTree = BUILT_PRODUCTS_DIR; };
		84238E6D2DC9440E00CFAA03 /* VerseOfTheDayView.swift */ = {isa = PBXFileReference; lastKnownFileType = sourcecode.swift; path = VerseOfTheDayView.swift; sourceTree = "<group>"; };
		846027D12DA0F0BE00C2B586 /* APContentView.swift */ = {isa = PBXFileReference; lastKnownFileType = sourcecode.swift; path = APContentView.swift; sourceTree = "<group>"; };
		846027D22DA0F0BE00C2B586 /* Apologist.entitlements */ = {isa = PBXFileReference; lastKnownFileType = text.plist.entitlements; path = Apologist.entitlements; sourceTree = "<group>"; };
		846027D52DA0F0BE00C2B586 /* Apologist 2.entitlements */ = {isa = PBXFileReference; lastKnownFileType = text.plist.entitlements; path = "Apologist 2.entitlements"; sourceTree = "<group>"; };
		846027D62DA0F0BE00C2B586 /* ApologistApp.swift */ = {isa = PBXFileReference; lastKnownFileType = sourcecode.swift; path = ApologistApp.swift; sourceTree = "<group>"; };
		846027D82DA0F0BE00C2B586 /* AppDelegate.swift */ = {isa = PBXFileReference; lastKnownFileType = sourcecode.swift; path = AppDelegate.swift; sourceTree = "<group>"; };
		846027D92DA0F0BE00C2B586 /* AppVersionManager.swift */ = {isa = PBXFileReference; lastKnownFileType = sourcecode.swift; path = AppVersionManager.swift; sourceTree = "<group>"; };
		846027DA2DA0F0BE00C2B586 /* Assets.xcassets */ = {isa = PBXFileReference; lastKnownFileType = folder.assetcatalog; path = Assets.xcassets; sourceTree = "<group>"; };
		846027DB2DA0F0BE00C2B586 /* BibleListViews.swift */ = {isa = PBXFileReference; lastKnownFileType = sourcecode.swift; path = BibleListViews.swift; sourceTree = "<group>"; };
		846027DC2DA0F0BE00C2B586 /* BibleModels.swift */ = {isa = PBXFileReference; lastKnownFileType = sourcecode.swift; path = BibleModels.swift; sourceTree = "<group>"; };
		846027DD2DA0F0BE00C2B586 /* BibleView.swift */ = {isa = PBXFileReference; lastKnownFileType = sourcecode.swift; path = BibleView.swift; sourceTree = "<group>"; };
		846027DE2DA0F0BE00C2B586 /* ReadingView.swift */ = {isa = PBXFileReference; lastKnownFileType = sourcecode.swift; path = ReadingView.swift; sourceTree = "<group>"; };
		846027E02DA0F0BE00C2B586 /* ClaudeAPI.swift */ = {isa = PBXFileReference; lastKnownFileType = sourcecode.swift; path = ClaudeAPI.swift; sourceTree = "<group>"; };
		846027E12DA0F0BE00C2B586 /* ComingSoonView.swift */ = {isa = PBXFileReference; lastKnownFileType = sourcecode.swift; path = ComingSoonView.swift; sourceTree = "<group>"; };
		846027E42DA0F0BE00C2B586 /* DataController.swift */ = {isa = PBXFileReference; lastKnownFileType = sourcecode.swift; path = DataController.swift; sourceTree = "<group>"; };
		846027E52DA0F0BE00C2B586 /* HapticController.swift */ = {isa = PBXFileReference; lastKnownFileType = sourcecode.swift; path = HapticController.swift; sourceTree = "<group>"; };
		846027E72DA0F0BE00C2B586 /* Color+Ext.swift */ = {isa = PBXFileReference; lastKnownFileType = sourcecode.swift; path = "Color+Ext.swift"; sourceTree = "<group>"; };
		846027E82DA0F0BE00C2B586 /* Date+Ext.swift */ = {isa = PBXFileReference; lastKnownFileType = sourcecode.swift; path = "Date+Ext.swift"; sourceTree = "<group>"; };
		846027E92DA0F0BE00C2B586 /* View+Ext.swift */ = {isa = PBXFileReference; lastKnownFileType = sourcecode.swift; path = "View+Ext.swift"; sourceTree = "<group>"; };
		846027EB2DA0F0BE00C2B586 /* GoogleService-Info.plist */ = {isa = PBXFileReference; lastKnownFileType = text.plist.xml; path = "GoogleService-Info.plist"; sourceTree = "<group>"; };
		846027EC2DA0F0BE00C2B586 /* Preview Assets.xcassets */ = {isa = PBXFileReference; lastKnownFileType = folder.assetcatalog; path = "Preview Assets.xcassets"; sourceTree = "<group>"; };
		846027EE2DA0F0BE00C2B586 /* Assets.xcassets */ = {isa = PBXFileReference; lastKnownFileType = folder.assetcatalog; path = Assets.xcassets; sourceTree = "<group>"; };
		846027F02DA0F0BE00C2B586 /* HabitApp.swift */ = {isa = PBXFileReference; lastKnownFileType = sourcecode.swift; path = HabitApp.swift; sourceTree = "<group>"; };
		846027F12DA0F0BE00C2B586 /* HabitColors.xcassets */ = {isa = PBXFileReference; lastKnownFileType = folder.assetcatalog; path = HabitColors.xcassets; sourceTree = "<group>"; };
		846027F22DA0F0BE00C2B586 /* HabitDebug.entitlements */ = {isa = PBXFileReference; lastKnownFileType = text.plist.entitlements; path = HabitDebug.entitlements; sourceTree = "<group>"; };
		846027F32DA0F0BE00C2B586 /* HomePageView.swift */ = {isa = PBXFileReference; lastKnownFileType = sourcecode.swift; path = HomePageView.swift; sourceTree = "<group>"; };
		846027F42DA0F0BE00C2B586 /* HomeScreenView.swift */ = {isa = PBXFileReference; lastKnownFileType = sourcecode.swift; path = HomeScreenView.swift; sourceTree = "<group>"; };
		846027F52DA0F0BE00C2B586 /* CalendarViewTwo.swift */ = {isa = PBXFileReference; lastKnownFileType = sourcecode.swift; path = CalendarViewTwo.swift; sourceTree = "<group>"; };
		846027F62DA0F0BE00C2B586 /* DateComp.swift */ = {isa = PBXFileReference; lastKnownFileType = sourcecode.swift; path = DateComp.swift; sourceTree = "<group>"; };
		846027F72DA0F0BE00C2B586 /* FreewriteHistoryView.swift */ = {isa = PBXFileReference; lastKnownFileType = sourcecode.swift; path = FreewriteHistoryView.swift; sourceTree = "<group>"; };
		846027F82DA0F0BE00C2B586 /* FreewriteView.swift */ = {isa = PBXFileReference; lastKnownFileType = sourcecode.swift; path = FreewriteView.swift; sourceTree = "<group>"; };
		846027F92DA0F0BE00C2B586 /* GuidedJournalingView.swift */ = {isa = PBXFileReference; lastKnownFileType = sourcecode.swift; path = GuidedJournalingView.swift; sourceTree = "<group>"; };
		846027FA2DA0F0BE00C2B586 /* JournalDetailView.swift */ = {isa = PBXFileReference; lastKnownFileType = sourcecode.swift; path = JournalDetailView.swift; sourceTree = "<group>"; };
		846027FB2DA0F0BE00C2B586 /* JournalEditView.swift */ = {isa = PBXFileReference; lastKnownFileType = sourcecode.swift; path = JournalEditView.swift; sourceTree = "<group>"; };
		846027FE2DA0F0BE00C2B586 /* JournalEntryManager.swift */ = {isa = PBXFileReference; lastKnownFileType = sourcecode.swift; path = JournalEntryManager.swift; sourceTree = "<group>"; };
		846027FF2DA0F0BE00C2B586 /* JournalHomeView.swift */ = {isa = PBXFileReference; lastKnownFileType = sourcecode.swift; path = JournalHomeView.swift; sourceTree = "<group>"; };
		846028002DA0F0BE00C2B586 /* JournalingHistoryView.swift */ = {isa = PBXFileReference; lastKnownFileType = sourcecode.swift; path = JournalingHistoryView.swift; sourceTree = "<group>"; };
		846028012DA0F0BE00C2B586 /* SecureDictionaryTransformer.swift */ = {isa = PBXFileReference; lastKnownFileType = sourcecode.swift; path = SecureDictionaryTransformer.swift; sourceTree = "<group>"; };
		846028032DA0F0BE00C2B586 /* en */ = {isa = PBXFileReference; lastKnownFileType = text.plist.strings; name = en; path = en.lproj/Localizable.strings; sourceTree = "<group>"; };
		846028042DA0F0BE00C2B586 /* uk */ = {isa = PBXFileReference; lastKnownFileType = text.plist.strings; name = uk; path = uk.lproj/Localizable.strings; sourceTree = "<group>"; };
		846028062DA0F0BE00C2B586 /* en */ = {isa = PBXFileReference; lastKnownFileType = text.plist.stringsdict; name = en; path = en.lproj/Localizable.stringsdict; sourceTree = "<group>"; };
		846028072DA0F0BE00C2B586 /* uk */ = {isa = PBXFileReference; lastKnownFileType = text.plist.stringsdict; name = uk; path = uk.lproj/Localizable.stringsdict; sourceTree = "<group>"; };
		8460280A2DA0F0BE00C2B586 /* ChatView.swift */ = {isa = PBXFileReference; lastKnownFileType = sourcecode.swift; path = ChatView.swift; sourceTree = "<group>"; };
		8460280B2DA0F0BE00C2B586 /* Helpers.swift */ = {isa = PBXFileReference; lastKnownFileType = sourcecode.swift; path = Helpers.swift; sourceTree = "<group>"; };
		8460280C2DA0F0BE00C2B586 /* MainAppView.swift */ = {isa = PBXFileReference; lastKnownFileType = sourcecode.swift; path = MainAppView.swift; sourceTree = "<group>"; };
		8460280E2DA0F0BE00C2B586 /* FirebaseManager.swift */ = {isa = PBXFileReference; lastKnownFileType = sourcecode.swift; path = FirebaseManager.swift; sourceTree = "<group>"; };
		8460280F2DA0F0BE00C2B586 /* HomeFile.swift */ = {isa = PBXFileReference; lastKnownFileType = sourcecode.swift; path = HomeFile.swift; sourceTree = "<group>"; };
		846028102DA0F0BE00C2B586 /* LoadingView.swift */ = {isa = PBXFileReference; lastKnownFileType = sourcecode.swift; path = LoadingView.swift; sourceTree = "<group>"; };
		846028112DA0F0BE00C2B586 /* OnboardingView.swift */ = {isa = PBXFileReference; lastKnownFileType = sourcecode.swift; path = OnboardingView.swift; sourceTree = "<group>"; };
		846028132DA0F0BE00C2B586 /* Constants.swift */ = {isa = PBXFileReference; lastKnownFileType = sourcecode.swift; path = Constants.swift; sourceTree = "<group>"; };
		846028142DA0F0BE00C2B586 /* Habit+CoreDataHelpers.swift */ = {isa = PBXFileReference; lastKnownFileType = sourcecode.swift; path = "Habit+CoreDataHelpers.swift"; sourceTree = "<group>"; };
		846028152DA0F0BE00C2B586 /* Habit+Utils.swift */ = {isa = PBXFileReference; lastKnownFileType = sourcecode.swift; path = "Habit+Utils.swift"; sourceTree = "<group>"; };
		846028162DA0F0BE00C2B586 /* HabitColor.swift */ = {isa = PBXFileReference; lastKnownFileType = sourcecode.swift; path = HabitColor.swift; sourceTree = "<group>"; };
		846028182DA0F0BE00C2B586 /* NotificationManager.swift */ = {isa = PBXFileReference; lastKnownFileType = sourcecode.swift; path = NotificationManager.swift; sourceTree = "<group>"; };
		8460281A2DA0F0BE00C2B586 /* playground.swift */ = {isa = PBXFileReference; lastKnownFileType = sourcecode.swift; path = playground.swift; sourceTree = "<group>"; };
		8460281B2DA0F0BE00C2B586 /* Preview Assets.xcassets */ = {isa = PBXFileReference; lastKnownFileType = folder.assetcatalog; path = "Preview Assets.xcassets"; sourceTree = "<group>"; };
		8460281D2DA0F0BE00C2B586 /* QuestionView.swift */ = {isa = PBXFileReference; lastKnownFileType = sourcecode.swift; path = QuestionView.swift; sourceTree = "<group>"; };
		8460281E2DA0F0BE00C2B586 /* CompleteHabitIntent.swift */ = {isa = PBXFileReference; lastKnownFileType = sourcecode.swift; path = CompleteHabitIntent.swift; sourceTree = "<group>"; };
		8460281F2DA0F0BE00C2B586 /* CustomErrors.swift */ = {isa = PBXFileReference; lastKnownFileType = sourcecode.swift; path = CustomErrors.swift; sourceTree = "<group>"; };
		846028202DA0F0BE00C2B586 /* ShortcutsHabitEntity.swift */ = {isa = PBXFileReference; lastKnownFileType = sourcecode.swift; path = ShortcutsHabitEntity.swift; sourceTree = "<group>"; };
		846028222DA0F0BE00C2B586 /* BottomNavigationBar.swift */ = {isa = PBXFileReference; lastKnownFileType = sourcecode.swift; path = BottomNavigationBar.swift; sourceTree = "<group>"; };
		846028232DA0F0BE00C2B586 /* SidebarMenu.swift */ = {isa = PBXFileReference; lastKnownFileType = sourcecode.swift; path = SidebarMenu.swift; sourceTree = "<group>"; };
		846028252DA0F0BE00C2B586 /* StatusBarStyleWrapper.swift */ = {isa = PBXFileReference; lastKnownFileType = sourcecode.swift; path = StatusBarStyleWrapper.swift; sourceTree = "<group>"; };
		846028262DA0F0BE00C2B586 /* CalendarView.swift */ = {isa = PBXFileReference; lastKnownFileType = sourcecode.swift; path = CalendarView.swift; sourceTree = "<group>"; };
		846028272DA0F0BE00C2B586 /* ChartView.swift */ = {isa = PBXFileReference; lastKnownFileType = sourcecode.swift; path = ChartView.swift; sourceTree = "<group>"; };
		846028282DA0F0BE00C2B586 /* ColorsPickerView.swift */ = {isa = PBXFileReference; lastKnownFileType = sourcecode.swift; path = ColorsPickerView.swift; sourceTree = "<group>"; };
		846028292DA0F0BE00C2B586 /* ConfettiView.swift */ = {isa = PBXFileReference; lastKnownFileType = sourcecode.swift; path = ConfettiView.swift; sourceTree = "<group>"; };
		8460282A2DA0F0BE00C2B586 /* ContentView.swift */ = {isa = PBXFileReference; lastKnownFileType = sourcecode.swift; path = ContentView.swift; sourceTree = "<group>"; };
		8460282B2DA0F0BE00C2B586 /* DetailView.swift */ = {isa = PBXFileReference; lastKnownFileType = sourcecode.swift; path = DetailView.swift; sourceTree = "<group>"; };
		8460282C2DA0F0BE00C2B586 /* EditHabitView.swift */ = {isa = PBXFileReference; lastKnownFileType = sourcecode.swift; path = EditHabitView.swift; sourceTree = "<group>"; };
		8460282D2DA0F0BE00C2B586 /* HabitListView.swift */ = {isa = PBXFileReference; lastKnownFileType = sourcecode.swift; path = HabitListView.swift; sourceTree = "<group>"; };
		8460282E2DA0F0BE00C2B586 /* HabitRowView.swift */ = {isa = PBXFileReference; lastKnownFileType = sourcecode.swift; path = HabitRowView.swift; sourceTree = "<group>"; };
		8460282F2DA0F0BE00C2B586 /* HeaderView.swift */ = {isa = PBXFileReference; lastKnownFileType = sourcecode.swift; path = HeaderView.swift; sourceTree = "<group>"; };
		846028302DA0F0BE00C2B586 /* SortMenuView.swift */ = {isa = PBXFileReference; lastKnownFileType = sourcecode.swift; path = SortMenuView.swift; sourceTree = "<group>"; };
		846028312DA0F0BE00C2B586 /* StatusBarStyleModifier.swift */ = {isa = PBXFileReference; lastKnownFileType = sourcecode.swift; path = StatusBarStyleModifier.swift; sourceTree = "<group>"; };
		846028322DA0F0BE00C2B586 /* TipView.swift */ = {isa = PBXFileReference; lastKnownFileType = sourcecode.swift; path = TipView.swift; sourceTree = "<group>"; };
		846028362DA0F0BE00C2B586 /* ApologistApp.xcdatamodel */ = {isa = PBXFileReference; lastKnownFileType = wrapper.xcdatamodel; path = ApologistApp.xcdatamodel; sourceTree = "<group>"; };
		846028372DA0F0BE00C2B586 /* Habit.xcdatamodel */ = {isa = PBXFileReference; lastKnownFileType = wrapper.xcdatamodel; path = Habit.xcdatamodel; sourceTree = "<group>"; };
/* End PBXFileReference section */

/* Begin PBXFrameworksBuildPhase section */
		2404F9CF2D040EE00020CC4C /* Frameworks */ = {
			isa = PBXFrameworksBuildPhase;
			buildActionMask = 2147483647;
			files = (
				84BA18942DA0EC7B00B0B99D /* FirebaseAnalytics in Frameworks */,
				84BA18AA2DA0EC7B00B0B99D /* FirebaseFirestore in Frameworks */,
				84BA18962DA0EC7B00B0B99D /* FirebaseAnalyticsOnDeviceConversion in Frameworks */,
				84BA18B42DA0EC7B00B0B99D /* FirebaseInstallations in Frameworks */,
				84BA18912DA0EB4D00B0B99D /* SuperwallKit in Frameworks */,
				8493C26B2DA18B6B00EEADDD /* DotLottie in Frameworks */,
				84BA189A2DA0EC7B00B0B99D /* FirebaseAppCheck in Frameworks */,
				84BA18B22DA0EC7B00B0B99D /* FirebaseInAppMessaging-Beta in Frameworks */,
				84BA18982DA0EC7B00B0B99D /* FirebaseAnalyticsWithoutAdIdSupport in Frameworks */,
				84BA189E2DA0EC7B00B0B99D /* FirebaseAuth in Frameworks */,
				84BA18B02DA0EC7B00B0B99D /* FirebaseFunctionsCombine-Community in Frameworks */,
				84BA18C02DA0EC7B00B0B99D /* FirebaseStorageCombine-Community in Frameworks */,
				84BA189C2DA0EC7B00B0B99D /* FirebaseAppDistribution-Beta in Frameworks */,
				84BA18C22DA0EC7B00B0B99D /* FirebaseVertexAI in Frameworks */,
				8493C2682DA18B5000EEADDD /* Lottie in Frameworks */,
				84BA18BE2DA0EC7B00B0B99D /* FirebaseStorage in Frameworks */,
				84BA18BC2DA0EC7B00B0B99D /* FirebaseRemoteConfig in Frameworks */,
				84BA18A42DA0EC7B00B0B99D /* FirebaseCrashlytics in Frameworks */,
				84BA18B82DA0EC7B00B0B99D /* FirebaseMessaging in Frameworks */,
				84BA18B62DA0EC7B00B0B99D /* FirebaseMLModelDownloader in Frameworks */,
				84BA18BA2DA0EC7B00B0B99D /* FirebasePerformance in Frameworks */,
				84BA18A62DA0EC7B00B0B99D /* FirebaseDatabase in Frameworks */,
				84BA18A22DA0EC7B00B0B99D /* FirebaseCore in Frameworks */,
				84BA18A02DA0EC7B00B0B99D /* FirebaseAuthCombine-Community in Frameworks */,
				84BA18AE2DA0EC7B00B0B99D /* FirebaseFunctions in Frameworks */,
				84BA18A82DA0EC7B00B0B99D /* FirebaseDynamicLinks in Frameworks */,
				84BA18AC2DA0EC7B00B0B99D /* FirebaseFirestoreCombine-Community in Frameworks */,
			);
			runOnlyForDeploymentPostprocessing = 0;
		};
		2404F9DF2D040EE30020CC4C /* Frameworks */ = {
			isa = PBXFrameworksBuildPhase;
			buildActionMask = 2147483647;
			files = (
			);
			runOnlyForDeploymentPostprocessing = 0;
		};
		2404F9E92D040EE30020CC4C /* Frameworks */ = {
			isa = PBXFrameworksBuildPhase;
			buildActionMask = 2147483647;
			files = (
			);
			runOnlyForDeploymentPostprocessing = 0;
		};
/* End PBXFrameworksBuildPhase section */

/* Begin PBXGroup section */
		2404F9C92D040EE00020CC4C = {
			isa = PBXGroup;
			children = (
				846027D12DA0F0BE00C2B586 /* APContentView.swift */,
				846027D32DA0F0BE00C2B586 /* Apologist */,
				846027D52DA0F0BE00C2B586 /* Apologist 2.entitlements */,
				846027D62DA0F0BE00C2B586 /* ApologistApp.swift */,
				846027D72DA0F0BE00C2B586 /* ApologistApp.xcdatamodeld */,
				846027D82DA0F0BE00C2B586 /* AppDelegate.swift */,
				846027D92DA0F0BE00C2B586 /* AppVersionManager.swift */,
				846027DA2DA0F0BE00C2B586 /* Assets.xcassets */,
				846027DF2DA0F0BE00C2B586 /* Bible */,
				846027E02DA0F0BE00C2B586 /* ClaudeAPI.swift */,
				846027E12DA0F0BE00C2B586 /* ComingSoonView.swift */,
				846027E32DA0F0BE00C2B586 /* Configuration */,
				846027E62DA0F0BE00C2B586 /* Controllers */,
				846027EA2DA0F0BE00C2B586 /* Extensions */,
				846027EB2DA0F0BE00C2B586 /* GoogleService-Info.plist */,
				846027EF2DA0F0BE00C2B586 /* Habit */,
				846027F02DA0F0BE00C2B586 /* HabitApp.swift */,
				846027F12DA0F0BE00C2B586 /* HabitColors.xcassets */,
				846027F22DA0F0BE00C2B586 /* HabitDebug.entitlements */,
				846027F32DA0F0BE00C2B586 /* HomePageView.swift */,
				846027F42DA0F0BE00C2B586 /* HomeScreenView.swift */,
				846028022DA0F0BE00C2B586 /* Journal */,
				846028092DA0F0BE00C2B586 /* Localization */,
				8460280D2DA0F0BE00C2B586 /* MainApp */,
				846028122DA0F0BE00C2B586 /* Mains */,
				846028172DA0F0BE00C2B586 /* Models */,
				846028192DA0F0BE00C2B586 /* Notifications */,
				8460281A2DA0F0BE00C2B586 /* playground.swift */,
				8460281C2DA0F0BE00C2B586 /* Preview_Content */,
				8460281D2DA0F0BE00C2B586 /* QuestionView.swift */,
				846028212DA0F0BE00C2B586 /* Shortcuts */,
				846028242DA0F0BE00C2B586 /* Sidebar */,
				846028252DA0F0BE00C2B586 /* StatusBarStyleWrapper.swift */,
				846028332DA0F0BE00C2B586 /* Views */,
				2404F9D32D040EE00020CC4C /* Products */,
			);
			sourceTree = "<group>";
		};
		2404F9D32D040EE00020CC4C /* Products */ = {
			isa = PBXGroup;
			children = (
				2404F9D22D040EE00020CC4C /* Apologist.app */,
				2404F9E22D040EE30020CC4C /* ApologistTests.xctest */,
				2404F9EC2D040EE30020CC4C /* ApologistUITests.xctest */,
			);
			name = Products;
			sourceTree = "<group>";
		};
		846027D32DA0F0BE00C2B586 /* Apologist */ = {
			isa = PBXGroup;
			children = (
				846027D22DA0F0BE00C2B586 /* Apologist.entitlements */,
			);
			path = Apologist;
			sourceTree = "<group>";
		};
		846027DF2DA0F0BE00C2B586 /* Bible */ = {
			isa = PBXGroup;
			children = (
				846027DB2DA0F0BE00C2B586 /* BibleListViews.swift */,
				846027DC2DA0F0BE00C2B586 /* BibleModels.swift */,
				846027DD2DA0F0BE00C2B586 /* BibleView.swift */,
				846027DE2DA0F0BE00C2B586 /* ReadingView.swift */,
			);
			path = Bible;
			sourceTree = "<group>";
		};
		846027E32DA0F0BE00C2B586 /* Configuration */ = {
			isa = PBXGroup;
			children = (
				846027E22DA0F0BE00C2B586 /* Habit.xcdatamodeld */,
			);
			path = Configuration;
			sourceTree = "<group>";
		};
		846027E62DA0F0BE00C2B586 /* Controllers */ = {
			isa = PBXGroup;
			children = (
				846027E42DA0F0BE00C2B586 /* DataController.swift */,
				846027E52DA0F0BE00C2B586 /* HapticController.swift */,
			);
			path = Controllers;
			sourceTree = "<group>";
		};
		846027EA2DA0F0BE00C2B586 /* Extensions */ = {
			isa = PBXGroup;
			children = (
				846027E72DA0F0BE00C2B586 /* Color+Ext.swift */,
				846027E82DA0F0BE00C2B586 /* Date+Ext.swift */,
				846027E92DA0F0BE00C2B586 /* View+Ext.swift */,
			);
			path = Extensions;
			sourceTree = "<group>";
		};
		846027ED2DA0F0BE00C2B586 /* Preview Content */ = {
			isa = PBXGroup;
			children = (
				846027EC2DA0F0BE00C2B586 /* Preview Assets.xcassets */,
			);
			path = "Preview Content";
			sourceTree = "<group>";
		};
		846027EF2DA0F0BE00C2B586 /* Habit */ = {
			isa = PBXGroup;
			children = (
				846027ED2DA0F0BE00C2B586 /* Preview Content */,
				846027EE2DA0F0BE00C2B586 /* Assets.xcassets */,
			);
			path = Habit;
			sourceTree = "<group>";
		};
		846028022DA0F0BE00C2B586 /* Journal */ = {
			isa = PBXGroup;
			children = (
				846027F52DA0F0BE00C2B586 /* CalendarViewTwo.swift */,
				846027F62DA0F0BE00C2B586 /* DateComp.swift */,
				846027F72DA0F0BE00C2B586 /* FreewriteHistoryView.swift */,
				846027F82DA0F0BE00C2B586 /* FreewriteView.swift */,
				846027F92DA0F0BE00C2B586 /* GuidedJournalingView.swift */,
				846027FA2DA0F0BE00C2B586 /* JournalDetailView.swift */,
				846027FB2DA0F0BE00C2B586 /* JournalEditView.swift */,
				846027FE2DA0F0BE00C2B586 /* JournalEntryManager.swift */,
				846027FF2DA0F0BE00C2B586 /* JournalHomeView.swift */,
				846028002DA0F0BE00C2B586 /* JournalingHistoryView.swift */,
				846028012DA0F0BE00C2B586 /* SecureDictionaryTransformer.swift */,
			);
			path = Journal;
			sourceTree = "<group>";
		};
		846028092DA0F0BE00C2B586 /* Localization */ = {
			isa = PBXGroup;
			children = (
				846028052DA0F0BE00C2B586 /* Localizable.strings */,
				846028082DA0F0BE00C2B586 /* Localizable.stringsdict */,
			);
			path = Localization;
			sourceTree = "<group>";
		};
		8460280D2DA0F0BE00C2B586 /* MainApp */ = {
			isa = PBXGroup;
			children = (
				8460280A2DA0F0BE00C2B586 /* ChatView.swift */,
				84238E6D2DC9440E00CFAA03 /* VerseOfTheDayView.swift */,
				8460280B2DA0F0BE00C2B586 /* Helpers.swift */,
				8460280C2DA0F0BE00C2B586 /* MainAppView.swift */,
			);
			path = MainApp;
			sourceTree = "<group>";
		};
		846028122DA0F0BE00C2B586 /* Mains */ = {
			isa = PBXGroup;
			children = (
				8460280E2DA0F0BE00C2B586 /* FirebaseManager.swift */,
				8460280F2DA0F0BE00C2B586 /* HomeFile.swift */,
				846028102DA0F0BE00C2B586 /* LoadingView.swift */,
				846028112DA0F0BE00C2B586 /* OnboardingView.swift */,
			);
			path = Mains;
			sourceTree = "<group>";
		};
		846028172DA0F0BE00C2B586 /* Models */ = {
			isa = PBXGroup;
			children = (
				846028132DA0F0BE00C2B586 /* Constants.swift */,
				846028142DA0F0BE00C2B586 /* Habit+CoreDataHelpers.swift */,
				846028152DA0F0BE00C2B586 /* Habit+Utils.swift */,
				846028162DA0F0BE00C2B586 /* HabitColor.swift */,
			);
			path = Models;
			sourceTree = "<group>";
		};
		846028192DA0F0BE00C2B586 /* Notifications */ = {
			isa = PBXGroup;
			children = (
				846028182DA0F0BE00C2B586 /* NotificationManager.swift */,
			);
			path = Notifications;
			sourceTree = "<group>";
		};
		8460281C2DA0F0BE00C2B586 /* Preview_Content */ = {
			isa = PBXGroup;
			children = (
				8460281B2DA0F0BE00C2B586 /* Preview Assets.xcassets */,
			);
			path = Preview_Content;
			sourceTree = "<group>";
		};
		846028212DA0F0BE00C2B586 /* Shortcuts */ = {
			isa = PBXGroup;
			children = (
				8460281E2DA0F0BE00C2B586 /* CompleteHabitIntent.swift */,
				8460281F2DA0F0BE00C2B586 /* CustomErrors.swift */,
				846028202DA0F0BE00C2B586 /* ShortcutsHabitEntity.swift */,
			);
			path = Shortcuts;
			sourceTree = "<group>";
		};
		846028242DA0F0BE00C2B586 /* Sidebar */ = {
			isa = PBXGroup;
			children = (
				846028222DA0F0BE00C2B586 /* BottomNavigationBar.swift */,
				846028232DA0F0BE00C2B586 /* SidebarMenu.swift */,
			);
			path = Sidebar;
			sourceTree = "<group>";
		};
		846028332DA0F0BE00C2B586 /* Views */ = {
			isa = PBXGroup;
			children = (
				846028262DA0F0BE00C2B586 /* CalendarView.swift */,
				846028272DA0F0BE00C2B586 /* ChartView.swift */,
				846028282DA0F0BE00C2B586 /* ColorsPickerView.swift */,
				846028292DA0F0BE00C2B586 /* ConfettiView.swift */,
				8460282A2DA0F0BE00C2B586 /* ContentView.swift */,
				8460282B2DA0F0BE00C2B586 /* DetailView.swift */,
				8460282C2DA0F0BE00C2B586 /* EditHabitView.swift */,
				8460282D2DA0F0BE00C2B586 /* HabitListView.swift */,
				8460282E2DA0F0BE00C2B586 /* HabitRowView.swift */,
				8460282F2DA0F0BE00C2B586 /* HeaderView.swift */,
				846028302DA0F0BE00C2B586 /* SortMenuView.swift */,
				846028312DA0F0BE00C2B586 /* StatusBarStyleModifier.swift */,
				846028322DA0F0BE00C2B586 /* TipView.swift */,
			);
			path = Views;
			sourceTree = "<group>";
		};
/* End PBXGroup section */

/* Begin PBXNativeTarget section */
		2404F9D12D040EE00020CC4C /* Apologist */ = {
			isa = PBXNativeTarget;
			buildConfigurationList = 2404F9F62D040EE30020CC4C /* Build configuration list for PBXNativeTarget "Apologist" */;
			buildPhases = (
				2404F9CE2D040EE00020CC4C /* Sources */,
				2404F9CF2D040EE00020CC4C /* Frameworks */,
				2404F9D02D040EE00020CC4C /* Resources */,
			);
			buildRules = (
			);
			dependencies = (
			);
			name = Apologist;
			productName = Apologist;
			productReference = 2404F9D22D040EE00020CC4C /* Apologist.app */;
			productType = "com.apple.product-type.application";
		};
		2404F9E12D040EE30020CC4C /* ApologistTests */ = {
			isa = PBXNativeTarget;
			buildConfigurationList = 2404F9F92D040EE30020CC4C /* Build configuration list for PBXNativeTarget "ApologistTests" */;
			buildPhases = (
				2404F9DE2D040EE30020CC4C /* Sources */,
				2404F9DF2D040EE30020CC4C /* Frameworks */,
				2404F9E02D040EE30020CC4C /* Resources */,
			);
			buildRules = (
			);
			dependencies = (
				2404F9E42D040EE30020CC4C /* PBXTargetDependency */,
			);
			name = ApologistTests;
			productName = ApologistTests;
			productReference = 2404F9E22D040EE30020CC4C /* ApologistTests.xctest */;
			productType = "com.apple.product-type.bundle.unit-test";
		};
		2404F9EB2D040EE30020CC4C /* ApologistUITests */ = {
			isa = PBXNativeTarget;
			buildConfigurationList = 2404F9FC2D040EE30020CC4C /* Build configuration list for PBXNativeTarget "ApologistUITests" */;
			buildPhases = (
				2404F9E82D040EE30020CC4C /* Sources */,
				2404F9E92D040EE30020CC4C /* Frameworks */,
				2404F9EA2D040EE30020CC4C /* Resources */,
			);
			buildRules = (
			);
			dependencies = (
				2404F9EE2D040EE30020CC4C /* PBXTargetDependency */,
			);
			name = ApologistUITests;
			productName = ApologistUITests;
			productReference = 2404F9EC2D040EE30020CC4C /* ApologistUITests.xctest */;
			productType = "com.apple.product-type.bundle.ui-testing";
		};
/* End PBXNativeTarget section */

/* Begin PBXProject section */
		2404F9CA2D040EE00020CC4C /* Project object */ = {
			isa = PBXProject;
			attributes = {
				BuildIndependentTargetsInParallel = 1;
				LastSwiftUpdateCheck = 1420;
				LastUpgradeCheck = 1420;
				TargetAttributes = {
					2404F9D12D040EE00020CC4C = {
						CreatedOnToolsVersion = 14.2;
					};
					2404F9E12D040EE30020CC4C = {
						CreatedOnToolsVersion = 14.2;
						TestTargetID = 2404F9D12D040EE00020CC4C;
					};
					2404F9EB2D040EE30020CC4C = {
						CreatedOnToolsVersion = 14.2;
						TestTargetID = 2404F9D12D040EE00020CC4C;
					};
				};
			};
			buildConfigurationList = 2404F9CD2D040EE00020CC4C /* Build configuration list for PBXProject "Apologist" */;
			compatibilityVersion = "Xcode 14.0";
			developmentRegion = en;
			hasScannedForEncodings = 0;
			knownRegions = (
				en,
				Base,
				uk,
			);
			mainGroup = 2404F9C92D040EE00020CC4C;
			packageReferences = (
				84BA188F2DA0EB4D00B0B99D /* XCRemoteSwiftPackageReference "Superwall-iOS" */,
				84BA18922DA0EC7B00B0B99D /* XCRemoteSwiftPackageReference "firebase-ios-sdk" */,
				8493C2662DA18B5000EEADDD /* XCRemoteSwiftPackageReference "lottie-ios" */,
				8493C2692DA18B6B00EEADDD /* XCRemoteSwiftPackageReference "dotlottie-ios" */,
			);
			productRefGroup = 2404F9D32D040EE00020CC4C /* Products */;
			projectDirPath = "";
			projectRoot = "";
			targets = (
				2404F9D12D040EE00020CC4C /* Apologist */,
				2404F9E12D040EE30020CC4C /* ApologistTests */,
				2404F9EB2D040EE30020CC4C /* ApologistUITests */,
			);
		};
/* End PBXProject section */

/* Begin PBXResourcesBuildPhase section */
		2404F9D02D040EE00020CC4C /* Resources */ = {
			isa = PBXResourcesBuildPhase;
			buildActionMask = 2147483647;
			files = (
				8460287A2DA0F0BE00C2B586 /* Localizable.stringsdict in Resources */,
				8460287B2DA0F0BE00C2B586 /* Preview Assets.xcassets in Resources */,
				8460287C2DA0F0BE00C2B586 /* HabitColors.xcassets in Resources */,
				8460287D2DA0F0BE00C2B586 /* GoogleService-Info.plist in Resources */,
				8460287E2DA0F0BE00C2B586 /* Assets.xcassets in Resources */,
				8460287F2DA0F0BE00C2B586 /* Localizable.strings in Resources */,
				846028802DA0F0BE00C2B586 /* Preview Assets.xcassets in Resources */,
				846028812DA0F0BE00C2B586 /* Assets.xcassets in Resources */,
			);
			runOnlyForDeploymentPostprocessing = 0;
		};
		2404F9E02D040EE30020CC4C /* Resources */ = {
			isa = PBXResourcesBuildPhase;
			buildActionMask = 2147483647;
			files = (
			);
			runOnlyForDeploymentPostprocessing = 0;
		};
		2404F9EA2D040EE30020CC4C /* Resources */ = {
			isa = PBXResourcesBuildPhase;
			buildActionMask = 2147483647;
			files = (
			);
			runOnlyForDeploymentPostprocessing = 0;
		};
/* End PBXResourcesBuildPhase section */

/* Begin PBXSourcesBuildPhase section */
		2404F9CE2D040EE00020CC4C /* Sources */ = {
			isa = PBXSourcesBuildPhase;
			buildActionMask = 2147483647;
			files = (
				846028382DA0F0BE00C2B586 /* ShortcutsHabitEntity.swift in Sources */,
				84238E6E2DC9440E00CFAA03 /* VerseOfTheDayView.swift in Sources */,
				846028392DA0F0BE00C2B586 /* ColorsPickerView.swift in Sources */,
				8460283A2DA0F0BE00C2B586 /* HomePageView.swift in Sources */,
				8460283B2DA0F0BE00C2B586 /* CustomErrors.swift in Sources */,
				8460283C2DA0F0BE00C2B586 /* LoadingView.swift in Sources */,
				8460283D2DA0F0BE00C2B586 /* JournalEntryManager.swift in Sources */,
				8460283E2DA0F0BE00C2B586 /* GuidedJournalingView.swift in Sources */,
				8460283F2DA0F0BE00C2B586 /* Date+Ext.swift in Sources */,
				846028402DA0F0BE00C2B586 /* Habit+Utils.swift in Sources */,
				846028412DA0F0BE00C2B586 /* CalendarViewTwo.swift in Sources */,
				846028422DA0F0BE00C2B586 /* HabitColor.swift in Sources */,
				846028432DA0F0BE00C2B586 /* JournalHomeView.swift in Sources */,
				846028442DA0F0BE00C2B586 /* FreewriteView.swift in Sources */,
				846028452DA0F0BE00C2B586 /* OnboardingView.swift in Sources */,
				846028462DA0F0BE00C2B586 /* JournalEditView.swift in Sources */,
				846028472DA0F0BE00C2B586 /* HapticController.swift in Sources */,
				846028482DA0F0BE00C2B586 /* ComingSoonView.swift in Sources */,
				846028492DA0F0BE00C2B586 /* HabitListView.swift in Sources */,
				8460284A2DA0F0BE00C2B586 /* FreewriteHistoryView.swift in Sources */,
				8460284B2DA0F0BE00C2B586 /* playground.swift in Sources */,
				8460284C2DA0F0BE00C2B586 /* ChatView.swift in Sources */,
				8460284E2DA0F0BE00C2B586 /* ClaudeAPI.swift in Sources */,
				8460284F2DA0F0BE00C2B586 /* View+Ext.swift in Sources */,
				846028502DA0F0BE00C2B586 /* Color+Ext.swift in Sources */,
				846028512DA0F0BE00C2B586 /* HabitApp.swift in Sources */,
				846028522DA0F0BE00C2B586 /* CompleteHabitIntent.swift in Sources */,
				846028542DA0F0BE00C2B586 /* CalendarView.swift in Sources */,
				846028552DA0F0BE00C2B586 /* JournalingHistoryView.swift in Sources */,
				846028562DA0F0BE00C2B586 /* ContentView.swift in Sources */,
				846028572DA0F0BE00C2B586 /* MainAppView.swift in Sources */,
				846028582DA0F0BE00C2B586 /* AppDelegate.swift in Sources */,
				846028592DA0F0BE00C2B586 /* ApologistApp.xcdatamodeld in Sources */,
				8460285A2DA0F0BE00C2B586 /* JournalDetailView.swift in Sources */,
				8460285B2DA0F0BE00C2B586 /* ChartView.swift in Sources */,
				8460285C2DA0F0BE00C2B586 /* StatusBarStyleWrapper.swift in Sources */,
				8460285D2DA0F0BE00C2B586 /* Habit.xcdatamodeld in Sources */,
				8460285E2DA0F0BE00C2B586 /* BibleView.swift in Sources */,
				8460285F2DA0F0BE00C2B586 /* QuestionView.swift in Sources */,
				846028602DA0F0BE00C2B586 /* FirebaseManager.swift in Sources */,
				846028612DA0F0BE00C2B586 /* HabitRowView.swift in Sources */,
				846028622DA0F0BE00C2B586 /* EditHabitView.swift in Sources */,
				846028632DA0F0BE00C2B586 /* Constants.swift in Sources */,
				846028642DA0F0BE00C2B586 /* HomeFile.swift in Sources */,
				846028652DA0F0BE00C2B586 /* StatusBarStyleModifier.swift in Sources */,
				846028662DA0F0BE00C2B586 /* SortMenuView.swift in Sources */,
				846028672DA0F0BE00C2B586 /* TipView.swift in Sources */,
				846028682DA0F0BE00C2B586 /* HomeScreenView.swift in Sources */,
				846028692DA0F0BE00C2B586 /* BibleModels.swift in Sources */,
				8460286A2DA0F0BE00C2B586 /* DateComp.swift in Sources */,
				8460286B2DA0F0BE00C2B586 /* ReadingView.swift in Sources */,
				8460286C2DA0F0BE00C2B586 /* ApologistApp.swift in Sources */,
				8460286D2DA0F0BE00C2B586 /* Habit+CoreDataHelpers.swift in Sources */,
				8460286E2DA0F0BE00C2B586 /* Helpers.swift in Sources */,
				8460286F2DA0F0BE00C2B586 /* SidebarMenu.swift in Sources */,
				846028702DA0F0BE00C2B586 /* AppVersionManager.swift in Sources */,
				846028712DA0F0BE00C2B586 /* BottomNavigationBar.swift in Sources */,
				846028722DA0F0BE00C2B586 /* DataController.swift in Sources */,
				846028732DA0F0BE00C2B586 /* BibleListViews.swift in Sources */,
				846028742DA0F0BE00C2B586 /* NotificationManager.swift in Sources */,
				846028752DA0F0BE00C2B586 /* ConfettiView.swift in Sources */,
				846028762DA0F0BE00C2B586 /* APContentView.swift in Sources */,
				846028772DA0F0BE00C2B586 /* DetailView.swift in Sources */,
				846028782DA0F0BE00C2B586 /* HeaderView.swift in Sources */,
				846028792DA0F0BE00C2B586 /* SecureDictionaryTransformer.swift in Sources */,
			);
			runOnlyForDeploymentPostprocessing = 0;
		};
		2404F9DE2D040EE30020CC4C /* Sources */ = {
			isa = PBXSourcesBuildPhase;
			buildActionMask = 2147483647;
			files = (
			);
			runOnlyForDeploymentPostprocessing = 0;
		};
		2404F9E82D040EE30020CC4C /* Sources */ = {
			isa = PBXSourcesBuildPhase;
			buildActionMask = 2147483647;
			files = (
			);
			runOnlyForDeploymentPostprocessing = 0;
		};
/* End PBXSourcesBuildPhase section */

/* Begin PBXTargetDependency section */
		2404F9E42D040EE30020CC4C /* PBXTargetDependency */ = {
			isa = PBXTargetDependency;
			target = 2404F9D12D040EE00020CC4C /* Apologist */;
			targetProxy = 2404F9E32D040EE30020CC4C /* PBXContainerItemProxy */;
		};
		2404F9EE2D040EE30020CC4C /* PBXTargetDependency */ = {
			isa = PBXTargetDependency;
			target = 2404F9D12D040EE00020CC4C /* Apologist */;
			targetProxy = 2404F9ED2D040EE30020CC4C /* PBXContainerItemProxy */;
		};
/* End PBXTargetDependency section */

/* Begin PBXVariantGroup section */
		846028052DA0F0BE00C2B586 /* Localizable.strings */ = {
			isa = PBXVariantGroup;
			children = (
				846028032DA0F0BE00C2B586 /* en */,
				846028042DA0F0BE00C2B586 /* uk */,
			);
			name = Localizable.strings;
			sourceTree = "<group>";
		};
		846028082DA0F0BE00C2B586 /* Localizable.stringsdict */ = {
			isa = PBXVariantGroup;
			children = (
				846028062DA0F0BE00C2B586 /* en */,
				846028072DA0F0BE00C2B586 /* uk */,
			);
			name = Localizable.stringsdict;
			sourceTree = "<group>";
		};
/* End PBXVariantGroup section */

/* Begin XCBuildConfiguration section */
		2404F9F42D040EE30020CC4C /* Debug */ = {
			isa = XCBuildConfiguration;
			buildSettings = {
				ALWAYS_SEARCH_USER_PATHS = NO;
				CLANG_ANALYZER_NONNULL = YES;
				CLANG_ANALYZER_NUMBER_OBJECT_CONVERSION = YES_AGGRESSIVE;
				CLANG_CXX_LANGUAGE_STANDARD = "gnu++20";
				CLANG_ENABLE_MODULES = YES;
				CLANG_ENABLE_OBJC_ARC = YES;
				CLANG_ENABLE_OBJC_WEAK = YES;
				CLANG_WARN_BLOCK_CAPTURE_AUTORELEASING = YES;
				CLANG_WARN_BOOL_CONVERSION = YES;
				CLANG_WARN_COMMA = YES;
				CLANG_WARN_CONSTANT_CONVERSION = YES;
				CLANG_WARN_DEPRECATED_OBJC_IMPLEMENTATIONS = YES;
				CLANG_WARN_DIRECT_OBJC_ISA_USAGE = YES_ERROR;
				CLANG_WARN_DOCUMENTATION_COMMENTS = YES;
				CLANG_WARN_EMPTY_BODY = YES;
				CLANG_WARN_ENUM_CONVERSION = YES;
				CLANG_WARN_INFINITE_RECURSION = YES;
				CLANG_WARN_INT_CONVERSION = YES;
				CLANG_WARN_NON_LITERAL_NULL_CONVERSION = YES;
				CLANG_WARN_OBJC_IMPLICIT_RETAIN_SELF = YES;
				CLANG_WARN_OBJC_LITERAL_CONVERSION = YES;
				CLANG_WARN_OBJC_ROOT_CLASS = YES_ERROR;
				CLANG_WARN_QUOTED_INCLUDE_IN_FRAMEWORK_HEADER = YES;
				CLANG_WARN_RANGE_LOOP_ANALYSIS = YES;
				CLANG_WARN_STRICT_PROTOTYPES = YES;
				CLANG_WARN_SUSPICIOUS_MOVE = YES;
				CLANG_WARN_UNGUARDED_AVAILABILITY = YES_AGGRESSIVE;
				CLANG_WARN_UNREACHABLE_CODE = YES;
				CLANG_WARN__DUPLICATE_METHOD_MATCH = YES;
				COPY_PHASE_STRIP = NO;
				DEBUG_INFORMATION_FORMAT = dwarf;
				ENABLE_STRICT_OBJC_MSGSEND = YES;
				ENABLE_TESTABILITY = YES;
				GCC_C_LANGUAGE_STANDARD = gnu11;
				GCC_DYNAMIC_NO_PIC = NO;
				GCC_NO_COMMON_BLOCKS = YES;
				GCC_OPTIMIZATION_LEVEL = 0;
				GCC_PREPROCESSOR_DEFINITIONS = (
					"DEBUG=1",
					"$(inherited)",
				);
				GCC_WARN_64_TO_32_BIT_CONVERSION = YES;
				GCC_WARN_ABOUT_RETURN_TYPE = YES_ERROR;
				GCC_WARN_UNDECLARED_SELECTOR = YES;
				GCC_WARN_UNINITIALIZED_AUTOS = YES_AGGRESSIVE;
				GCC_WARN_UNUSED_FUNCTION = YES;
				GCC_WARN_UNUSED_VARIABLE = YES;
				IPHONEOS_DEPLOYMENT_TARGET = 16.2;
				MTL_ENABLE_DEBUG_INFO = INCLUDE_SOURCE;
				MTL_FAST_MATH = YES;
				ONLY_ACTIVE_ARCH = YES;
				SDKROOT = iphoneos;
				SWIFT_ACTIVE_COMPILATION_CONDITIONS = DEBUG;
				SWIFT_OPTIMIZATION_LEVEL = "-Onone";
			};
			name = Debug;
		};
		2404F9F52D040EE30020CC4C /* Release */ = {
			isa = XCBuildConfiguration;
			buildSettings = {
				ALWAYS_SEARCH_USER_PATHS = NO;
				CLANG_ANALYZER_NONNULL = YES;
				CLANG_ANALYZER_NUMBER_OBJECT_CONVERSION = YES_AGGRESSIVE;
				CLANG_CXX_LANGUAGE_STANDARD = "gnu++20";
				CLANG_ENABLE_MODULES = YES;
				CLANG_ENABLE_OBJC_ARC = YES;
				CLANG_ENABLE_OBJC_WEAK = YES;
				CLANG_WARN_BLOCK_CAPTURE_AUTORELEASING = YES;
				CLANG_WARN_BOOL_CONVERSION = YES;
				CLANG_WARN_COMMA = YES;
				CLANG_WARN_CONSTANT_CONVERSION = YES;
				CLANG_WARN_DEPRECATED_OBJC_IMPLEMENTATIONS = YES;
				CLANG_WARN_DIRECT_OBJC_ISA_USAGE = YES_ERROR;
				CLANG_WARN_DOCUMENTATION_COMMENTS = YES;
				CLANG_WARN_EMPTY_BODY = YES;
				CLANG_WARN_ENUM_CONVERSION = YES;
				CLANG_WARN_INFINITE_RECURSION = YES;
				CLANG_WARN_INT_CONVERSION = YES;
				CLANG_WARN_NON_LITERAL_NULL_CONVERSION = YES;
				CLANG_WARN_OBJC_IMPLICIT_RETAIN_SELF = YES;
				CLANG_WARN_OBJC_LITERAL_CONVERSION = YES;
				CLANG_WARN_OBJC_ROOT_CLASS = YES_ERROR;
				CLANG_WARN_QUOTED_INCLUDE_IN_FRAMEWORK_HEADER = YES;
				CLANG_WARN_RANGE_LOOP_ANALYSIS = YES;
				CLANG_WARN_STRICT_PROTOTYPES = YES;
				CLANG_WARN_SUSPICIOUS_MOVE = YES;
				CLANG_WARN_UNGUARDED_AVAILABILITY = YES_AGGRESSIVE;
				CLANG_WARN_UNREACHABLE_CODE = YES;
				CLANG_WARN__DUPLICATE_METHOD_MATCH = YES;
				COPY_PHASE_STRIP = NO;
				DEBUG_INFORMATION_FORMAT = "dwarf-with-dsym";
				ENABLE_NS_ASSERTIONS = NO;
				ENABLE_STRICT_OBJC_MSGSEND = YES;
				GCC_C_LANGUAGE_STANDARD = gnu11;
				GCC_NO_COMMON_BLOCKS = YES;
				GCC_WARN_64_TO_32_BIT_CONVERSION = YES;
				GCC_WARN_ABOUT_RETURN_TYPE = YES_ERROR;
				GCC_WARN_UNDECLARED_SELECTOR = YES;
				GCC_WARN_UNINITIALIZED_AUTOS = YES_AGGRESSIVE;
				GCC_WARN_UNUSED_FUNCTION = YES;
				GCC_WARN_UNUSED_VARIABLE = YES;
				IPHONEOS_DEPLOYMENT_TARGET = 16.2;
				MTL_ENABLE_DEBUG_INFO = NO;
				MTL_FAST_MATH = YES;
				SDKROOT = iphoneos;
				SWIFT_COMPILATION_MODE = wholemodule;
				SWIFT_OPTIMIZATION_LEVEL = "-O";
				VALIDATE_PRODUCT = YES;
			};
			name = Release;
		};
		2404F9F72D040EE30020CC4C /* Debug */ = {
			isa = XCBuildConfiguration;
			buildSettings = {
				ASSETCATALOG_COMPILER_APPICON_NAME = AppIcon;
				ASSETCATALOG_COMPILER_GLOBAL_ACCENT_COLOR_NAME = AccentColor;
				CODE_SIGN_ENTITLEMENTS = Apologist/Apologist.entitlements;
				CODE_SIGN_STYLE = Automatic;
				CURRENT_PROJECT_VERSION = 1;
				DEVELOPMENT_ASSET_PATHS = "\"Preview_Content\"";
				DEVELOPMENT_TEAM = SNG8SZK5TY;
				ENABLE_PREVIEWS = YES;
				GENERATE_INFOPLIST_FILE = YES;
				INFOPLIST_KEY_UIApplicationSceneManifest_Generation = YES;
				INFOPLIST_KEY_UIApplicationSupportsIndirectInputEvents = YES;
				INFOPLIST_KEY_UILaunchScreen_Generation = YES;
				INFOPLIST_KEY_UISupportedInterfaceOrientations_iPad = "UIInterfaceOrientationPortrait UIInterfaceOrientationPortraitUpsideDown UIInterfaceOrientationLandscapeLeft UIInterfaceOrientationLandscapeRight";
				INFOPLIST_KEY_UISupportedInterfaceOrientations_iPhone = "UIInterfaceOrientationPortrait UIInterfaceOrientationLandscapeLeft UIInterfaceOrientationLandscapeRight";
				LD_RUNPATH_SEARCH_PATHS = (
					"$(inherited)",
					"@executable_path/Frameworks",
				);
				MARKETING_VERSION = 2.13;
				PRODUCT_BUNDLE_IDENTIFIER = DeepDev.Apologist;
				PRODUCT_NAME = "$(TARGET_NAME)";
				SWIFT_EMIT_LOC_STRINGS = YES;
				SWIFT_VERSION = 5.0;
				TARGETED_DEVICE_FAMILY = "1,2";
			};
			name = Debug;
		};
		2404F9F82D040EE30020CC4C /* Release */ = {
			isa = XCBuildConfiguration;
			buildSettings = {
				ASSETCATALOG_COMPILER_APPICON_NAME = AppIcon;
				ASSETCATALOG_COMPILER_GLOBAL_ACCENT_COLOR_NAME = AccentColor;
				CODE_SIGN_ENTITLEMENTS = Apologist/Apologist.entitlements;
				CODE_SIGN_STYLE = Automatic;
				CURRENT_PROJECT_VERSION = 1;
				DEVELOPMENT_ASSET_PATHS = "\"Preview_Content\"";
				DEVELOPMENT_TEAM = SNG8SZK5TY;
				ENABLE_PREVIEWS = YES;
				GENERATE_INFOPLIST_FILE = YES;
				INFOPLIST_KEY_UIApplicationSceneManifest_Generation = YES;
				INFOPLIST_KEY_UIApplicationSupportsIndirectInputEvents = YES;
				INFOPLIST_KEY_UILaunchScreen_Generation = YES;
				INFOPLIST_KEY_UISupportedInterfaceOrientations_iPad = "UIInterfaceOrientationPortrait UIInterfaceOrientationPortraitUpsideDown UIInterfaceOrientationLandscapeLeft UIInterfaceOrientationLandscapeRight";
				INFOPLIST_KEY_UISupportedInterfaceOrientations_iPhone = "UIInterfaceOrientationPortrait UIInterfaceOrientationLandscapeLeft UIInterfaceOrientationLandscapeRight";
				LD_RUNPATH_SEARCH_PATHS = (
					"$(inherited)",
					"@executable_path/Frameworks",
				);
				MARKETING_VERSION = 2.13;
				PRODUCT_BUNDLE_IDENTIFIER = DeepDev.Apologist;
				PRODUCT_NAME = "$(TARGET_NAME)";
				SWIFT_EMIT_LOC_STRINGS = YES;
				SWIFT_VERSION = 5.0;
				TARGETED_DEVICE_FAMILY = "1,2";
			};
			name = Release;
		};
		2404F9FA2D040EE30020CC4C /* Debug */ = {
			isa = XCBuildConfiguration;
			buildSettings = {
				BUNDLE_LOADER = "$(TEST_HOST)";
				CODE_SIGN_STYLE = Automatic;
				CURRENT_PROJECT_VERSION = 1;
				GENERATE_INFOPLIST_FILE = YES;
				IPHONEOS_DEPLOYMENT_TARGET = 16.2;
				MARKETING_VERSION = 1.0;
				PRODUCT_BUNDLE_IDENTIFIER = DeepDev.ApologistTests;
				PRODUCT_NAME = "$(TARGET_NAME)";
				SWIFT_EMIT_LOC_STRINGS = NO;
				SWIFT_VERSION = 5.0;
				TARGETED_DEVICE_FAMILY = "1,2";
				TEST_HOST = "$(BUILT_PRODUCTS_DIR)/Apologist.app/$(BUNDLE_EXECUTABLE_FOLDER_PATH)/Apologist";
			};
			name = Debug;
		};
		2404F9FB2D040EE30020CC4C /* Release */ = {
			isa = XCBuildConfiguration;
			buildSettings = {
				BUNDLE_LOADER = "$(TEST_HOST)";
				CODE_SIGN_STYLE = Automatic;
				CURRENT_PROJECT_VERSION = 1;
				GENERATE_INFOPLIST_FILE = YES;
				IPHONEOS_DEPLOYMENT_TARGET = 16.2;
				MARKETING_VERSION = 1.0;
				PRODUCT_BUNDLE_IDENTIFIER = DeepDev.ApologistTests;
				PRODUCT_NAME = "$(TARGET_NAME)";
				SWIFT_EMIT_LOC_STRINGS = NO;
				SWIFT_VERSION = 5.0;
				TARGETED_DEVICE_FAMILY = "1,2";
				TEST_HOST = "$(BUILT_PRODUCTS_DIR)/Apologist.app/$(BUNDLE_EXECUTABLE_FOLDER_PATH)/Apologist";
			};
			name = Release;
		};
		2404F9FD2D040EE30020CC4C /* Debug */ = {
			isa = XCBuildConfiguration;
			buildSettings = {
				CODE_SIGN_STYLE = Automatic;
				CURRENT_PROJECT_VERSION = 1;
				GENERATE_INFOPLIST_FILE = YES;
				MARKETING_VERSION = 1.0;
				PRODUCT_BUNDLE_IDENTIFIER = DeepDev.ApologistUITests;
				PRODUCT_NAME = "$(TARGET_NAME)";
				SWIFT_EMIT_LOC_STRINGS = NO;
				SWIFT_VERSION = 5.0;
				TARGETED_DEVICE_FAMILY = "1,2";
				TEST_TARGET_NAME = Apologist;
			};
			name = Debug;
		};
		2404F9FE2D040EE30020CC4C /* Release */ = {
			isa = XCBuildConfiguration;
			buildSettings = {
				CODE_SIGN_STYLE = Automatic;
				CURRENT_PROJECT_VERSION = 1;
				GENERATE_INFOPLIST_FILE = YES;
				MARKETING_VERSION = 1.0;
				PRODUCT_BUNDLE_IDENTIFIER = DeepDev.ApologistUITests;
				PRODUCT_NAME = "$(TARGET_NAME)";
				SWIFT_EMIT_LOC_STRINGS = NO;
				SWIFT_VERSION = 5.0;
				TARGETED_DEVICE_FAMILY = "1,2";
				TEST_TARGET_NAME = Apologist;
			};
			name = Release;
		};
/* End XCBuildConfiguration section */

/* Begin XCConfigurationList section */
		2404F9CD2D040EE00020CC4C /* Build configuration list for PBXProject "Apologist" */ = {
			isa = XCConfigurationList;
			buildConfigurations = (
				2404F9F42D040EE30020CC4C /* Debug */,
				2404F9F52D040EE30020CC4C /* Release */,
			);
			defaultConfigurationIsVisible = 0;
			defaultConfigurationName = Release;
		};
		2404F9F62D040EE30020CC4C /* Build configuration list for PBXNativeTarget "Apologist" */ = {
			isa = XCConfigurationList;
			buildConfigurations = (
				2404F9F72D040EE30020CC4C /* Debug */,
				2404F9F82D040EE30020CC4C /* Release */,
			);
			defaultConfigurationIsVisible = 0;
			defaultConfigurationName = Release;
		};
		2404F9F92D040EE30020CC4C /* Build configuration list for PBXNativeTarget "ApologistTests" */ = {
			isa = XCConfigurationList;
			buildConfigurations = (
				2404F9FA2D040EE30020CC4C /* Debug */,
				2404F9FB2D040EE30020CC4C /* Release */,
			);
			defaultConfigurationIsVisible = 0;
			defaultConfigurationName = Release;
		};
		2404F9FC2D040EE30020CC4C /* Build configuration list for PBXNativeTarget "ApologistUITests" */ = {
			isa = XCConfigurationList;
			buildConfigurations = (
				2404F9FD2D040EE30020CC4C /* Debug */,
				2404F9FE2D040EE30020CC4C /* Release */,
			);
			defaultConfigurationIsVisible = 0;
			defaultConfigurationName = Release;
		};
/* End XCConfigurationList section */

/* Begin XCRemoteSwiftPackageReference section */
		8493C2662DA18B5000EEADDD /* XCRemoteSwiftPackageReference "lottie-ios" */ = {
			isa = XCRemoteSwiftPackageReference;
			repositoryURL = "https://github.com/airbnb/lottie-ios.git";
			requirement = {
				kind = upToNextMajorVersion;
				minimumVersion = 4.5.1;
			};
		};
		8493C2692DA18B6B00EEADDD /* XCRemoteSwiftPackageReference "dotlottie-ios" */ = {
			isa = XCRemoteSwiftPackageReference;
			repositoryURL = "https://github.com/LottieFiles/dotlottie-ios.git";
			requirement = {
				branch = main;
				kind = branch;
			};
		};
		84BA188F2DA0EB4D00B0B99D /* XCRemoteSwiftPackageReference "Superwall-iOS" */ = {
			isa = XCRemoteSwiftPackageReference;
			repositoryURL = "https://github.com/superwall/Superwall-iOS";
			requirement = {
				kind = upToNextMajorVersion;
				minimumVersion = 4.0.6;
			};
		};
		84BA18922DA0EC7B00B0B99D /* XCRemoteSwiftPackageReference "firebase-ios-sdk" */ = {
			isa = XCRemoteSwiftPackageReference;
			repositoryURL = "https://github.com/firebase/firebase-ios-sdk";
			requirement = {
				kind = upToNextMajorVersion;
				minimumVersion = 11.11.0;
			};
		};
/* End XCRemoteSwiftPackageReference section */

/* Begin XCSwiftPackageProductDependency section */
		8493C2672DA18B5000EEADDD /* Lottie */ = {
			isa = XCSwiftPackageProductDependency;
			package = 8493C2662DA18B5000EEADDD /* XCRemoteSwiftPackageReference "lottie-ios" */;
			productName = Lottie;
		};
		8493C26A2DA18B6B00EEADDD /* DotLottie */ = {
			isa = XCSwiftPackageProductDependency;
			package = 8493C2692DA18B6B00EEADDD /* XCRemoteSwiftPackageReference "dotlottie-ios" */;
			productName = DotLottie;
		};
		84BA18902DA0EB4D00B0B99D /* SuperwallKit */ = {
			isa = XCSwiftPackageProductDependency;
			package = 84BA188F2DA0EB4D00B0B99D /* XCRemoteSwiftPackageReference "Superwall-iOS" */;
			productName = SuperwallKit;
		};
		84BA18932DA0EC7B00B0B99D /* FirebaseAnalytics */ = {
			isa = XCSwiftPackageProductDependency;
			package = 84BA18922DA0EC7B00B0B99D /* XCRemoteSwiftPackageReference "firebase-ios-sdk" */;
			productName = FirebaseAnalytics;
		};
		84BA18952DA0EC7B00B0B99D /* FirebaseAnalyticsOnDeviceConversion */ = {
			isa = XCSwiftPackageProductDependency;
			package = 84BA18922DA0EC7B00B0B99D /* XCRemoteSwiftPackageReference "firebase-ios-sdk" */;
			productName = FirebaseAnalyticsOnDeviceConversion;
		};
		84BA18972DA0EC7B00B0B99D /* FirebaseAnalyticsWithoutAdIdSupport */ = {
			isa = XCSwiftPackageProductDependency;
			package = 84BA18922DA0EC7B00B0B99D /* XCRemoteSwiftPackageReference "firebase-ios-sdk" */;
			productName = FirebaseAnalyticsWithoutAdIdSupport;
		};
		84BA18992DA0EC7B00B0B99D /* FirebaseAppCheck */ = {
			isa = XCSwiftPackageProductDependency;
			package = 84BA18922DA0EC7B00B0B99D /* XCRemoteSwiftPackageReference "firebase-ios-sdk" */;
			productName = FirebaseAppCheck;
		};
		84BA189B2DA0EC7B00B0B99D /* FirebaseAppDistribution-Beta */ = {
			isa = XCSwiftPackageProductDependency;
			package = 84BA18922DA0EC7B00B0B99D /* XCRemoteSwiftPackageReference "firebase-ios-sdk" */;
			productName = "FirebaseAppDistribution-Beta";
		};
		84BA189D2DA0EC7B00B0B99D /* FirebaseAuth */ = {
			isa = XCSwiftPackageProductDependency;
			package = 84BA18922DA0EC7B00B0B99D /* XCRemoteSwiftPackageReference "firebase-ios-sdk" */;
			productName = FirebaseAuth;
		};
		84BA189F2DA0EC7B00B0B99D /* FirebaseAuthCombine-Community */ = {
			isa = XCSwiftPackageProductDependency;
			package = 84BA18922DA0EC7B00B0B99D /* XCRemoteSwiftPackageReference "firebase-ios-sdk" */;
			productName = "FirebaseAuthCombine-Community";
		};
		84BA18A12DA0EC7B00B0B99D /* FirebaseCore */ = {
			isa = XCSwiftPackageProductDependency;
			package = 84BA18922DA0EC7B00B0B99D /* XCRemoteSwiftPackageReference "firebase-ios-sdk" */;
			productName = FirebaseCore;
		};
		84BA18A32DA0EC7B00B0B99D /* FirebaseCrashlytics */ = {
			isa = XCSwiftPackageProductDependency;
			package = 84BA18922DA0EC7B00B0B99D /* XCRemoteSwiftPackageReference "firebase-ios-sdk" */;
			productName = FirebaseCrashlytics;
		};
		84BA18A52DA0EC7B00B0B99D /* FirebaseDatabase */ = {
			isa = XCSwiftPackageProductDependency;
			package = 84BA18922DA0EC7B00B0B99D /* XCRemoteSwiftPackageReference "firebase-ios-sdk" */;
			productName = FirebaseDatabase;
		};
		84BA18A72DA0EC7B00B0B99D /* FirebaseDynamicLinks */ = {
			isa = XCSwiftPackageProductDependency;
			package = 84BA18922DA0EC7B00B0B99D /* XCRemoteSwiftPackageReference "firebase-ios-sdk" */;
			productName = FirebaseDynamicLinks;
		};
		84BA18A92DA0EC7B00B0B99D /* FirebaseFirestore */ = {
			isa = XCSwiftPackageProductDependency;
			package = 84BA18922DA0EC7B00B0B99D /* XCRemoteSwiftPackageReference "firebase-ios-sdk" */;
			productName = FirebaseFirestore;
		};
		84BA18AB2DA0EC7B00B0B99D /* FirebaseFirestoreCombine-Community */ = {
			isa = XCSwiftPackageProductDependency;
			package = 84BA18922DA0EC7B00B0B99D /* XCRemoteSwiftPackageReference "firebase-ios-sdk" */;
			productName = "FirebaseFirestoreCombine-Community";
		};
		84BA18AD2DA0EC7B00B0B99D /* FirebaseFunctions */ = {
			isa = XCSwiftPackageProductDependency;
			package = 84BA18922DA0EC7B00B0B99D /* XCRemoteSwiftPackageReference "firebase-ios-sdk" */;
			productName = FirebaseFunctions;
		};
		84BA18AF2DA0EC7B00B0B99D /* FirebaseFunctionsCombine-Community */ = {
			isa = XCSwiftPackageProductDependency;
			package = 84BA18922DA0EC7B00B0B99D /* XCRemoteSwiftPackageReference "firebase-ios-sdk" */;
			productName = "FirebaseFunctionsCombine-Community";
		};
		84BA18B12DA0EC7B00B0B99D /* FirebaseInAppMessaging-Beta */ = {
			isa = XCSwiftPackageProductDependency;
			package = 84BA18922DA0EC7B00B0B99D /* XCRemoteSwiftPackageReference "firebase-ios-sdk" */;
			productName = "FirebaseInAppMessaging-Beta";
		};
		84BA18B32DA0EC7B00B0B99D /* FirebaseInstallations */ = {
			isa = XCSwiftPackageProductDependency;
			package = 84BA18922DA0EC7B00B0B99D /* XCRemoteSwiftPackageReference "firebase-ios-sdk" */;
			productName = FirebaseInstallations;
		};
		84BA18B52DA0EC7B00B0B99D /* FirebaseMLModelDownloader */ = {
			isa = XCSwiftPackageProductDependency;
			package = 84BA18922DA0EC7B00B0B99D /* XCRemoteSwiftPackageReference "firebase-ios-sdk" */;
			productName = FirebaseMLModelDownloader;
		};
		84BA18B72DA0EC7B00B0B99D /* FirebaseMessaging */ = {
			isa = XCSwiftPackageProductDependency;
			package = 84BA18922DA0EC7B00B0B99D /* XCRemoteSwiftPackageReference "firebase-ios-sdk" */;
			productName = FirebaseMessaging;
		};
		84BA18B92DA0EC7B00B0B99D /* FirebasePerformance */ = {
			isa = XCSwiftPackageProductDependency;
			package = 84BA18922DA0EC7B00B0B99D /* XCRemoteSwiftPackageReference "firebase-ios-sdk" */;
			productName = FirebasePerformance;
		};
		84BA18BB2DA0EC7B00B0B99D /* FirebaseRemoteConfig */ = {
			isa = XCSwiftPackageProductDependency;
			package = 84BA18922DA0EC7B00B0B99D /* XCRemoteSwiftPackageReference "firebase-ios-sdk" */;
			productName = FirebaseRemoteConfig;
		};
		84BA18BD2DA0EC7B00B0B99D /* FirebaseStorage */ = {
			isa = XCSwiftPackageProductDependency;
			package = 84BA18922DA0EC7B00B0B99D /* XCRemoteSwiftPackageReference "firebase-ios-sdk" */;
			productName = FirebaseStorage;
		};
		84BA18BF2DA0EC7B00B0B99D /* FirebaseStorageCombine-Community */ = {
			isa = XCSwiftPackageProductDependency;
			package = 84BA18922DA0EC7B00B0B99D /* XCRemoteSwiftPackageReference "firebase-ios-sdk" */;
			productName = "FirebaseStorageCombine-Community";
		};
		84BA18C12DA0EC7B00B0B99D /* FirebaseVertexAI */ = {
			isa = XCSwiftPackageProductDependency;
			package = 84BA18922DA0EC7B00B0B99D /* XCRemoteSwiftPackageReference "firebase-ios-sdk" */;
			productName = FirebaseVertexAI;
		};
/* End XCSwiftPackageProductDependency section */

/* Begin XCVersionGroup section */
		846027D72DA0F0BE00C2B586 /* ApologistApp.xcdatamodeld */ = {
			isa = XCVersionGroup;
			children = (
				846028362DA0F0BE00C2B586 /* ApologistApp.xcdatamodel */,
			);
			currentVersion = 846028362DA0F0BE00C2B586 /* ApologistApp.xcdatamodel */;
			path = ApologistApp.xcdatamodeld;
			sourceTree = "<group>";
			versionGroupType = wrapper.xcdatamodel;
		};
		846027E22DA0F0BE00C2B586 /* Habit.xcdatamodeld */ = {
			isa = XCVersionGroup;
			children = (
				846028372DA0F0BE00C2B586 /* Habit.xcdatamodel */,
			);
			currentVersion = 846028372DA0F0BE00C2B586 /* Habit.xcdatamodel */;
			path = Habit.xcdatamodeld;
			sourceTree = "<group>";
			versionGroupType = wrapper.xcdatamodel;
		};
/* End XCVersionGroup section */
	};
	rootObject = 2404F9CA2D040EE00020CC4C /* Project object */;
}
